// !$*UTF8*$!
{
	archiveVersion = 1;
	classes = {
	};
	objectVersion = 51;
	objects = {

/* Begin PBXBuildFile section */
		AC5A7BE002BBF3728080D7DA /* Pods_ProcessIOS.framework in Frameworks */ = {isa = PBXBuildFile; fileRef = BD7E5FE2CD1700DAE7629E2D /* Pods_ProcessIOS.framework */; };
		DD03588624415B540058A8F7 /* BlockTest.m in Sources */ = {isa = PBXBuildFile; fileRef = DD03588524415B540058A8F7 /* BlockTest.m */; };
		DD8394CD24401F1D00655E24 /* AppDelegate.swift in Sources */ = {isa = PBXBuildFile; fileRef = DD8394CC24401F1D00655E24 /* AppDelegate.swift */; };
		DD8394CF24401F1D00655E24 /* SceneDelegate.swift in Sources */ = {isa = PBXBuildFile; fileRef = DD8394CE24401F1D00655E24 /* SceneDelegate.swift */; };
		DD8394D124401F1D00655E24 /* ViewController.swift in Sources */ = {isa = PBXBuildFile; fileRef = DD8394D024401F1D00655E24 /* ViewController.swift */; };
		DD8394D424401F1D00655E24 /* Main.storyboard in Resources */ = {isa = PBXBuildFile; fileRef = DD8394D224401F1D00655E24 /* Main.storyboard */; };
		DD8394D624401F1E00655E24 /* Assets.xcassets in Resources */ = {isa = PBXBuildFile; fileRef = DD8394D524401F1E00655E24 /* Assets.xcassets */; };
		DD8394D924401F1E00655E24 /* LaunchScreen.storyboard in Resources */ = {isa = PBXBuildFile; fileRef = DD8394D724401F1E00655E24 /* LaunchScreen.storyboard */; };
		DD8394E62440201300655E24 /* fork_c.c in Sources */ = {isa = PBXBuildFile; fileRef = DD8394E52440201300655E24 /* fork_c.c */; };
/* End PBXBuildFile section */

/* Begin PBXFileReference section */
		545C7E0658EE9033A81F3EA7 /* Pods-ProcessIOS.release.xcconfig */ = {isa = PBXFileReference; includeInIndex = 1; lastKnownFileType = text.xcconfig; name = "Pods-ProcessIOS.release.xcconfig"; path = "Target Support Files/Pods-ProcessIOS/Pods-ProcessIOS.release.xcconfig"; sourceTree = "<group>"; };
		6D46C88E516848AAB8CE0C3E /* Pods-ProcessIOS.debug.xcconfig */ = {isa = PBXFileReference; includeInIndex = 1; lastKnownFileType = text.xcconfig; name = "Pods-ProcessIOS.debug.xcconfig"; path = "Target Support Files/Pods-ProcessIOS/Pods-ProcessIOS.debug.xcconfig"; sourceTree = "<group>"; };
		BD7E5FE2CD1700DAE7629E2D /* Pods_ProcessIOS.framework */ = {isa = PBXFileReference; explicitFileType = wrapper.framework; includeInIndex = 0; path = Pods_ProcessIOS.framework; sourceTree = BUILT_PRODUCTS_DIR; };
		DD03588524415B540058A8F7 /* BlockTest.m */ = {isa = PBXFileReference; lastKnownFileType = sourcecode.c.objc; path = BlockTest.m; sourceTree = "<group>"; };
		DD035887244160090058A8F7 /* BlockTest.h */ = {isa = PBXFileReference; lastKnownFileType = sourcecode.c.h; path = BlockTest.h; sourceTree = "<group>"; };
		DD8394C924401F1D00655E24 /* ProcessIOS.app */ = {isa = PBXFileReference; explicitFileType = wrapper.application; includeInIndex = 0; path = ProcessIOS.app; sourceTree = BUILT_PRODUCTS_DIR; };
		DD8394CC24401F1D00655E24 /* AppDelegate.swift */ = {isa = PBXFileReference; lastKnownFileType = sourcecode.swift; path = AppDelegate.swift; sourceTree = "<group>"; };
		DD8394CE24401F1D00655E24 /* SceneDelegate.swift */ = {isa = PBXFileReference; lastKnownFileType = sourcecode.swift; path = SceneDelegate.swift; sourceTree = "<group>"; };
		DD8394D024401F1D00655E24 /* ViewController.swift */ = {isa = PBXFileReference; lastKnownFileType = sourcecode.swift; path = ViewController.swift; sourceTree = "<group>"; };
		DD8394D324401F1D00655E24 /* Base */ = {isa = PBXFileReference; lastKnownFileType = file.storyboard; name = Base; path = Base.lproj/Main.storyboard; sourceTree = "<group>"; };
		DD8394D524401F1E00655E24 /* Assets.xcassets */ = {isa = PBXFileReference; lastKnownFileType = folder.assetcatalog; path = Assets.xcassets; sourceTree = "<group>"; };
		DD8394D824401F1E00655E24 /* Base */ = {isa = PBXFileReference; lastKnownFileType = file.storyboard; name = Base; path = Base.lproj/LaunchScreen.storyboard; sourceTree = "<group>"; };
		DD8394DA24401F1E00655E24 /* Info.plist */ = {isa = PBXFileReference; lastKnownFileType = text.plist.xml; path = Info.plist; sourceTree = "<group>"; };
		DD8394E024401FC000655E24 /* ProcessIOS-Bridging-Header.h */ = {isa = PBXFileReference; lastKnownFileType = sourcecode.c.h; path = "ProcessIOS-Bridging-Header.h"; sourceTree = "<group>"; };
		DD8394E42440201300655E24 /* fork_c.h */ = {isa = PBXFileReference; lastKnownFileType = sourcecode.c.h; path = fork_c.h; sourceTree = "<group>"; };
		DD8394E52440201300655E24 /* fork_c.c */ = {isa = PBXFileReference; lastKnownFileType = sourcecode.c.c; path = fork_c.c; sourceTree = "<group>"; };
/* End PBXFileReference section */

/* Begin PBXFrameworksBuildPhase section */
		DD8394C624401F1D00655E24 /* Frameworks */ = {
			isa = PBXFrameworksBuildPhase;
			buildActionMask = 2147483647;
			files = (
				AC5A7BE002BBF3728080D7DA /* Pods_ProcessIOS.framework in Frameworks */,
			);
			runOnlyForDeploymentPostprocessing = 0;
		};
/* End PBXFrameworksBuildPhase section */

/* Begin PBXGroup section */
		5A17E3467F6DAE5B8CA17464 /* Frameworks */ = {
			isa = PBXGroup;
			children = (
				BD7E5FE2CD1700DAE7629E2D /* Pods_ProcessIOS.framework */,
			);
			name = Frameworks;
			sourceTree = "<group>";
		};
		8016A75D9A3962FBC3D87898 /* Pods */ = {
			isa = PBXGroup;
			children = (
				6D46C88E516848AAB8CE0C3E /* Pods-ProcessIOS.debug.xcconfig */,
				545C7E0658EE9033A81F3EA7 /* Pods-ProcessIOS.release.xcconfig */,
			);
			path = Pods;
			sourceTree = "<group>";
		};
		DD8394C024401F1D00655E24 = {
			isa = PBXGroup;
			children = (
				DD8394CB24401F1D00655E24 /* ProcessIOS */,
				DD8394CA24401F1D00655E24 /* Products */,
				8016A75D9A3962FBC3D87898 /* Pods */,
				5A17E3467F6DAE5B8CA17464 /* Frameworks */,
			);
			sourceTree = "<group>";
		};
		DD8394CA24401F1D00655E24 /* Products */ = {
			isa = PBXGroup;
			children = (
				DD8394C924401F1D00655E24 /* ProcessIOS.app */,
			);
			name = Products;
			sourceTree = "<group>";
		};
		DD8394CB24401F1D00655E24 /* ProcessIOS */ = {
			isa = PBXGroup;
			children = (
				DD8394E324401FCE00655E24 /* c */,
				DD8394CC24401F1D00655E24 /* AppDelegate.swift */,
				DD8394CE24401F1D00655E24 /* SceneDelegate.swift */,
				DD8394D024401F1D00655E24 /* ViewController.swift */,
				DD8394D224401F1D00655E24 /* Main.storyboard */,
				DD8394D524401F1E00655E24 /* Assets.xcassets */,
				DD8394D724401F1E00655E24 /* LaunchScreen.storyboard */,
				DD8394DA24401F1E00655E24 /* Info.plist */,
				DD8394E024401FC000655E24 /* ProcessIOS-Bridging-Header.h */,
				DD03588524415B540058A8F7 /* BlockTest.m */,
				DD035887244160090058A8F7 /* BlockTest.h */,
			);
			path = ProcessIOS;
			sourceTree = "<group>";
		};
		DD8394E324401FCE00655E24 /* c */ = {
			isa = PBXGroup;
			children = (
				DD8394E42440201300655E24 /* fork_c.h */,
				DD8394E52440201300655E24 /* fork_c.c */,
			);
			path = c;
			sourceTree = "<group>";
		};
/* End PBXGroup section */

/* Begin PBXNativeTarget section */
		DD8394C824401F1D00655E24 /* ProcessIOS */ = {
			isa = PBXNativeTarget;
			buildConfigurationList = DD8394DD24401F1E00655E24 /* Build configuration list for PBXNativeTarget "ProcessIOS" */;
			buildPhases = (
				2F129AC2C81B2AB3ADCB6D89 /* [CP] Check Pods Manifest.lock */,
				DD8394C524401F1D00655E24 /* Sources */,
				DD8394C624401F1D00655E24 /* Frameworks */,
				DD8394C724401F1D00655E24 /* Resources */,
				371BB5B5910E644839ED87A9 /* [CP] Embed Pods Frameworks */,
			);
			buildRules = (
			);
			dependencies = (
			);
			name = ProcessIOS;
			productName = ProcessIOS;
			productReference = DD8394C924401F1D00655E24 /* ProcessIOS.app */;
			productType = "com.apple.product-type.application";
		};
/* End PBXNativeTarget section */

/* Begin PBXProject section */
		DD8394C124401F1D00655E24 /* Project object */ = {
			isa = PBXProject;
			attributes = {
				LastSwiftUpdateCheck = 1140;
				LastUpgradeCheck = 1140;
				ORGANIZATIONNAME = newbie;
				TargetAttributes = {
					DD8394C824401F1D00655E24 = {
						CreatedOnToolsVersion = 11.4;
						LastSwiftMigration = 1140;
					};
				};
			};
			buildConfigurationList = DD8394C424401F1D00655E24 /* Build configuration list for PBXProject "ProcessIOS" */;
			compatibilityVersion = "Xcode 9.3";
			developmentRegion = en;
			hasScannedForEncodings = 0;
			knownRegions = (
				en,
				Base,
			);
			mainGroup = DD8394C024401F1D00655E24;
			productRefGroup = DD8394CA24401F1D00655E24 /* Products */;
			projectDirPath = "";
			projectRoot = "";
			targets = (
				DD8394C824401F1D00655E24 /* ProcessIOS */,
			);
		};
/* End PBXProject section */

/* Begin PBXResourcesBuildPhase section */
		DD8394C724401F1D00655E24 /* Resources */ = {
			isa = PBXResourcesBuildPhase;
			buildActionMask = 2147483647;
			files = (
				DD8394D924401F1E00655E24 /* LaunchScreen.storyboard in Resources */,
				DD8394D624401F1E00655E24 /* Assets.xcassets in Resources */,
				DD8394D424401F1D00655E24 /* Main.storyboard in Resources */,
			);
			runOnlyForDeploymentPostprocessing = 0;
		};
/* End PBXResourcesBuildPhase section */

/* Begin PBXShellScriptBuildPhase section */
		2F129AC2C81B2AB3ADCB6D89 /* [CP] Check Pods Manifest.lock */ = {
			isa = PBXShellScriptBuildPhase;
			buildActionMask = 2147483647;
			files = (
			);
			inputFileListPaths = (
			);
			inputPaths = (
				"${PODS_PODFILE_DIR_PATH}/Podfile.lock",
				"${PODS_ROOT}/Manifest.lock",
			);
			name = "[CP] Check Pods Manifest.lock";
			outputFileListPaths = (
			);
			outputPaths = (
				"$(DERIVED_FILE_DIR)/Pods-ProcessIOS-checkManifestLockResult.txt",
			);
			runOnlyForDeploymentPostprocessing = 0;
			shellPath = /bin/sh;
			shellScript = "diff \"${PODS_PODFILE_DIR_PATH}/Podfile.lock\" \"${PODS_ROOT}/Manifest.lock\" > /dev/null\nif [ $? != 0 ] ; then\n    # print error to STDERR\n    echo \"error: The sandbox is not in sync with the Podfile.lock. Run 'pod install' or update your CocoaPods installation.\" >&2\n    exit 1\nfi\n# This output is used by Xcode 'outputs' to avoid re-running this script phase.\necho \"SUCCESS\" > \"${SCRIPT_OUTPUT_FILE_0}\"\n";
			showEnvVarsInLog = 0;
		};
		371BB5B5910E644839ED87A9 /* [CP] Embed Pods Frameworks */ = {
			isa = PBXShellScriptBuildPhase;
			buildActionMask = 2147483647;
			files = (
			);
			inputFileListPaths = (
				"${PODS_ROOT}/Target Support Files/Pods-ProcessIOS/Pods-ProcessIOS-frameworks-${CONFIGURATION}-input-files.xcfilelist",
			);
			name = "[CP] Embed Pods Frameworks";
			outputFileListPaths = (
				"${PODS_ROOT}/Target Support Files/Pods-ProcessIOS/Pods-ProcessIOS-frameworks-${CONFIGURATION}-output-files.xcfilelist",
			);
			runOnlyForDeploymentPostprocessing = 0;
			shellPath = /bin/sh;
			shellScript = "\"${PODS_ROOT}/Target Support Files/Pods-ProcessIOS/Pods-ProcessIOS-frameworks.sh\"\n";
			showEnvVarsInLog = 0;
		};
/* End PBXShellScriptBuildPhase section */

/* Begin PBXSourcesBuildPhase section */
		DD8394C524401F1D00655E24 /* Sources */ = {
			isa = PBXSourcesBuildPhase;
			buildActionMask = 2147483647;
			files = (
				DD8394D124401F1D00655E24 /* ViewController.swift in Sources */,
				DD8394E62440201300655E24 /* fork_c.c in Sources */,
				DD03588624415B540058A8F7 /* BlockTest.m in Sources */,
				DD8394CD24401F1D00655E24 /* AppDelegate.swift in Sources */,
				DD8394CF24401F1D00655E24 /* SceneDelegate.swift in Sources */,
			);
			runOnlyForDeploymentPostprocessing = 0;
		};
/* End PBXSourcesBuildPhase section */

/* Begin PBXVariantGroup section */
		DD8394D224401F1D00655E24 /* Main.storyboard */ = {
			isa = PBXVariantGroup;
			children = (
				DD8394D324401F1D00655E24 /* Base */,
			);
			name = Main.storyboard;
			sourceTree = "<group>";
		};
		DD8394D724401F1E00655E24 /* LaunchScreen.storyboard */ = {
			isa = PBXVariantGroup;
			children = (
				DD8394D824401F1E00655E24 /* Base */,
			);
			name = LaunchScreen.storyboard;
			sourceTree = "<group>";
		};
/* End PBXVariantGroup section */

/* Begin XCBuildConfiguration section */
		DD8394DB24401F1E00655E24 /* Debug */ = {
			isa = XCBuildConfiguration;
			buildSettings = {
				ALWAYS_SEARCH_USER_PATHS = NO;
				CLANG_ANALYZER_NONNULL = YES;
				CLANG_ANALYZER_NUMBER_OBJECT_CONVERSION = YES_AGGRESSIVE;
				CLANG_CXX_LANGUAGE_STANDARD = "gnu++14";
				CLANG_CXX_LIBRARY = "libc++";
				CLANG_ENABLE_MODULES = YES;
				CLANG_ENABLE_OBJC_ARC = YES;
				CLANG_ENABLE_OBJC_WEAK = YES;
				CLANG_WARN_BLOCK_CAPTURE_AUTORELEASING = YES;
				CLANG_WARN_BOOL_CONVERSION = YES;
				CLANG_WARN_COMMA = YES;
				CLANG_WARN_CONSTANT_CONVERSION = YES;
				CLANG_WARN_DEPRECATED_OBJC_IMPLEMENTATIONS = YES;
				CLANG_WARN_DIRECT_OBJC_ISA_USAGE = YES_ERROR;
				CLANG_WARN_DOCUMENTATION_COMMENTS = YES;
				CLANG_WARN_EMPTY_BODY = YES;
				CLANG_WARN_ENUM_CONVERSION = YES;
				CLANG_WARN_INFINITE_RECURSION = YES;
				CLANG_WARN_INT_CONVERSION = YES;
				CLANG_WARN_NON_LITERAL_NULL_CONVERSION = YES;
				CLANG_WARN_OBJC_IMPLICIT_RETAIN_SELF = YES;
				CLANG_WARN_OBJC_LITERAL_CONVERSION = YES;
				CLANG_WARN_OBJC_ROOT_CLASS = YES_ERROR;
				CLANG_WARN_RANGE_LOOP_ANALYSIS = YES;
				CLANG_WARN_STRICT_PROTOTYPES = YES;
				CLANG_WARN_SUSPICIOUS_MOVE = YES;
				CLANG_WARN_UNGUARDED_AVAILABILITY = YES_AGGRESSIVE;
				CLANG_WARN_UNREACHABLE_CODE = YES;
				CLANG_WARN__DUPLICATE_METHOD_MATCH = YES;
				CODE_SIGN_IDENTITY = "iPhone Developer";
				COPY_PHASE_STRIP = NO;
				DEBUG_INFORMATION_FORMAT = dwarf;
				ENABLE_STRICT_OBJC_MSGSEND = YES;
				ENABLE_TESTABILITY = YES;
				GCC_C_LANGUAGE_STANDARD = gnu11;
				GCC_DYNAMIC_NO_PIC = NO;
				GCC_NO_COMMON_BLOCKS = YES;
				GCC_OPTIMIZATION_LEVEL = 0;
				GCC_PREPROCESSOR_DEFINITIONS = (
					"DEBUG=1",
					"$(inherited)",
				);
				GCC_WARN_64_TO_32_BIT_CONVERSION = YES;
				GCC_WARN_ABOUT_RETURN_TYPE = YES_ERROR;
				GCC_WARN_UNDECLARED_SELECTOR = YES;
				GCC_WARN_UNINITIALIZED_AUTOS = YES_AGGRESSIVE;
				GCC_WARN_UNUSED_FUNCTION = YES;
				GCC_WARN_UNUSED_VARIABLE = YES;
				IPHONEOS_DEPLOYMENT_TARGET = 13.4;
				MTL_ENABLE_DEBUG_INFO = INCLUDE_SOURCE;
				MTL_FAST_MATH = YES;
				ONLY_ACTIVE_ARCH = YES;
				SDKROOT = iphoneos;
				SWIFT_ACTIVE_COMPILATION_CONDITIONS = DEBUG;
				SWIFT_OPTIMIZATION_LEVEL = "-Onone";
			};
			name = Debug;
		};
		DD8394DC24401F1E00655E24 /* Release */ = {
			isa = XCBuildConfiguration;
			buildSettings = {
				ALWAYS_SEARCH_USER_PATHS = NO;
				CLANG_ANALYZER_NONNULL = YES;
				CLANG_ANALYZER_NUMBER_OBJECT_CONVERSION = YES_AGGRESSIVE;
				CLANG_CXX_LANGUAGE_STANDARD = "gnu++14";
				CLANG_CXX_LIBRARY = "libc++";
				CLANG_ENABLE_MODULES = YES;
				CLANG_ENABLE_OBJC_ARC = YES;
				CLANG_ENABLE_OBJC_WEAK = YES;
				CLANG_WARN_BLOCK_CAPTURE_AUTORELEASING = YES;
				CLANG_WARN_BOOL_CONVERSION = YES;
				CLANG_WARN_COMMA = YES;
				CLANG_WARN_CONSTANT_CONVERSION = YES;
				CLANG_WARN_DEPRECATED_OBJC_IMPLEMENTATIONS = YES;
				CLANG_WARN_DIRECT_OBJC_ISA_USAGE = YES_ERROR;
				CLANG_WARN_DOCUMENTATION_COMMENTS = YES;
				CLANG_WARN_EMPTY_BODY = YES;
				CLANG_WARN_ENUM_CONVERSION = YES;
				CLANG_WARN_INFINITE_RECURSION = YES;
				CLANG_WARN_INT_CONVERSION = YES;
				CLANG_WARN_NON_LITERAL_NULL_CONVERSION = YES;
				CLANG_WARN_OBJC_IMPLICIT_RETAIN_SELF = YES;
				CLANG_WARN_OBJC_LITERAL_CONVERSION = YES;
				CLANG_WARN_OBJC_ROOT_CLASS = YES_ERROR;
				CLANG_WARN_RANGE_LOOP_ANALYSIS = YES;
				CLANG_WARN_STRICT_PROTOTYPES = YES;
				CLANG_WARN_SUSPICIOUS_MOVE = YES;
				CLANG_WARN_UNGUARDED_AVAILABILITY = YES_AGGRESSIVE;
				CLANG_WARN_UNREACHABLE_CODE = YES;
				CLANG_WARN__DUPLICATE_METHOD_MATCH = YES;
				CODE_SIGN_IDENTITY = "iPhone Developer";
				COPY_PHASE_STRIP = NO;
				DEBUG_INFORMATION_FORMAT = "dwarf-with-dsym";
				ENABLE_NS_ASSERTIONS = NO;
				ENABLE_STRICT_OBJC_MSGSEND = YES;
				GCC_C_LANGUAGE_STANDARD = gnu11;
				GCC_NO_COMMON_BLOCKS = YES;
				GCC_WARN_64_TO_32_BIT_CONVERSION = YES;
				GCC_WARN_ABOUT_RETURN_TYPE = YES_ERROR;
				GCC_WARN_UNDECLARED_SELECTOR = YES;
				GCC_WARN_UNINITIALIZED_AUTOS = YES_AGGRESSIVE;
				GCC_WARN_UNUSED_FUNCTION = YES;
				GCC_WARN_UNUSED_VARIABLE = YES;
				IPHONEOS_DEPLOYMENT_TARGET = 13.4;
				MTL_ENABLE_DEBUG_INFO = NO;
				MTL_FAST_MATH = YES;
				SDKROOT = iphoneos;
				SWIFT_COMPILATION_MODE = wholemodule;
				SWIFT_OPTIMIZATION_LEVEL = "-O";
				VALIDATE_PRODUCT = YES;
			};
			name = Release;
		};
		DD8394DE24401F1E00655E24 /* Debug */ = {
			isa = XCBuildConfiguration;
			baseConfigurationReference = 6D46C88E516848AAB8CE0C3E /* Pods-ProcessIOS.debug.xcconfig */;
			buildSettings = {
				ASSETCATALOG_COMPILER_APPICON_NAME = AppIcon;
				CLANG_ENABLE_MODULES = YES;
				CODE_SIGN_STYLE = Automatic;
				DEVELOPMENT_TEAM = 2W9SMTPA95;
				INFOPLIST_FILE = ProcessIOS/Info.plist;
				LD_RUNPATH_SEARCH_PATHS = (
					"$(inherited)",
					"@executable_path/Frameworks",
				);
				PRODUCT_BUNDLE_IDENTIFIER = com.txznet.ProcessIOS;
				PRODUCT_NAME = "$(TARGET_NAME)";
				SWIFT_OBJC_BRIDGING_HEADER = "ProcessIOS/ProcessIOS-Bridging-Header.h";
				SWIFT_OPTIMIZATION_LEVEL = "-Onone";
				SWIFT_VERSION = 5.0;
				TARGETED_DEVICE_FAMILY = "1,2";
			};
			name = Debug;
		};
		DD8394DF24401F1E00655E24 /* Release */ = {
			isa = XCBuildConfiguration;
			baseConfigurationReference = 545C7E0658EE9033A81F3EA7 /* Pods-ProcessIOS.release.xcconfig */;
			buildSettings = {
				ASSETCATALOG_COMPILER_APPICON_NAME = AppIcon;
				CLANG_ENABLE_MODULES = YES;
				CODE_SIGN_STYLE = Automatic;
				DEVELOPMENT_TEAM = 2W9SMTPA95;
				INFOPLIST_FILE = ProcessIOS/Info.plist;
				LD_RUNPATH_SEARCH_PATHS = (
					"$(inherited)",
					"@executable_path/Frameworks",
				);
				PRODUCT_BUNDLE_IDENTIFIER = com.txznet.ProcessIOS;
				PRODUCT_NAME = "$(TARGET_NAME)";
				SWIFT_OBJC_BRIDGING_HEADER = "ProcessIOS/ProcessIOS-Bridging-Header.h";
				SWIFT_VERSION = 5.0;
				TARGETED_DEVICE_FAMILY = "1,2";
			};
			name = Release;
		};
/* End XCBuildConfiguration section */

/* Begin XCConfigurationList section */
		DD8394C424401F1D00655E24 /* Build configuration list for PBXProject "ProcessIOS" */ = {
			isa = XCConfigurationList;
			buildConfigurations = (
				DD8394DB24401F1E00655E24 /* Debug */,
				DD8394DC24401F1E00655E24 /* Release */,
			);
			defaultConfigurationIsVisible = 0;
			defaultConfigurationName = Debug;
		};
		DD8394DD24401F1E00655E24 /* Build configuration list for PBXNativeTarget "ProcessIOS" */ = {
			isa = XCConfigurationList;
			buildConfigurations = (
				DD8394DE24401F1E00655E24 /* Debug */,
				DD8394DF24401F1E00655E24 /* Release */,
			);
			defaultConfigurationIsVisible = 0;
			defaultConfigurationName = Debug;
		};
/* End XCConfigurationList section */
	};
	rootObject = DD8394C124401F1D00655E24 /* Project object */;
}
